{
  "name": "dlq",
  "version": "1.0.0",
  "lockfileVersion": 1,
  "requires": true,
  "dependencies": {
    "@babel/runtime": {
      "version": "7.7.7",
      "resolved": "https://registry.npm.taobao.org/@babel/runtime/download/@babel/runtime-7.7.7.tgz",
      "integrity": "sha1-GUdpyo1td5DsI2Ba+e4+QqCqec8=",
      "requires": {
        "regenerator-runtime": "^0.13.2"
      }
    },
    "@vant/icons": {
      "version": "1.2.0",
      "resolved": "https://registry.npm.taobao.org/@vant/icons/download/@vant/icons-1.2.0.tgz",
      "integrity": "sha1-7THzZxhXBPou+bQ3oMjT7l5PX1g="
    },
    "@vue/babel-helper-vue-jsx-merge-props": {
      "version": "1.0.0",
      "resolved": "https://registry.npm.taobao.org/@vue/babel-helper-vue-jsx-merge-props/download/@vue/babel-helper-vue-jsx-merge-props-1.0.0.tgz",
      "integrity": "sha1-BI/leZWNpAj7eosqPsBQtQpmEEA="
    },
    "regenerator-runtime": {
      "version": "0.13.3",
      "resolved": "https://registry.npm.taobao.org/regenerator-runtime/download/regenerator-runtime-0.13.3.tgz",
      "integrity": "sha1-fPanfY9cb2Drc8X8GVWyzrAea/U="
    },
    "vant": {
      "version": "2.4.1",
      "resolved": "https://registry.npm.taobao.org/vant/download/vant-2.4.1.tgz?cache=0&sync_timestamp=1578294733308&other_urls=https%3A%2F%2Fregistry.npm.taobao.org%2Fvant%2Fdownload%2Fvant-2.4.1.tgz",
      "integrity": "sha1-9tCwDK2mIqd65DtJM/hZv35oX7I=",
      "requires": {
        "@babel/runtime": "7.x",
        "@vant/icons": "1.2.0",
        "@vue/babel-helper-vue-jsx-merge-props": "^1.0.0",
        "vue-lazyload": "1.2.3"
      }
    },
    "vue": {
      "version": "2.6.11",
      "resolved": "https://registry.npm.taobao.org/vue/download/vue-2.6.11.tgz",
      "integrity": "sha1-dllNh31LEiNEBuhONSdcbVFBJcU="
    },
    "vue-lazyload": {
      "version": "1.2.3",
      "resolved": "https://registry.npm.taobao.org/vue-lazyload/download/vue-lazyload-1.2.3.tgz",
      "integrity": "sha1-kB+ewVx+bKeHgaK65KNDaGve2yw="
    }
  }
}
